<?xml version="1.0" encoding="utf-8"?>
<Project ToolsVersion="4.0" xmlns="http://schemas.microsoft.com/developer/msbuild/2003">
  <ItemGroup>
    <Filter Include="Scens">
      <UniqueIdentifier>{80edf01e-7bf3-4629-8663-b2d23fb1d1bc}</UniqueIdentifier>
    </Filter>
    <Filter Include="Scripts">
      <UniqueIdentifier>{98d80dc2-7ef3-46b2-918b-e93d40e5ead2}</UniqueIdentifier>
    </Filter>
    <Filter Include="GameObjects">
      <UniqueIdentifier>{ddf577a3-351d-416f-92c0-6086e4c11f0a}</UniqueIdentifier>
    </Filter>
  </ItemGroup>
  <ItemGroup>
    <ClInclude Include="yaPlayScene.h">
      <Filter>Scens</Filter>
    </ClInclude>
    <ClInclude Include="yaLoadScene.h" />
    <ClInclude Include="yaplayer.h">
      <Filter>GameObjects</Filter>
    </ClInclude>
    <ClInclude Include="yaControllerScript.h">
      <Filter>Scripts</Filter>
    </ClInclude>
    <ClInclude Include="yaBullet.h">
      <Filter>GameObjects</Filter>
    </ClInclude>
    <ClInclude Include="yaPlayerScript.h">
      <Filter>Scripts</Filter>
    </ClInclude>
    <ClInclude Include="yaWall.h">
      <Filter>GameObjects</Filter>
    </ClInclude>
    <ClInclude Include="yaPlayerColorChangeScript.h">
      <Filter>Scripts</Filter>
    </ClInclude>
    <ClInclude Include="yaTurret.h">
      <Filter>GameObjects</Filter>
    </ClInclude>
    <ClInclude Include="yaTurretScript.h">
      <Filter>Scripts</Filter>
    </ClInclude>
    <ClInclude Include="yaMonsterBullet.h">
      <Filter>GameObjects</Filter>
    </ClInclude>
    <ClInclude Include="yaHPUI.h">
      <Filter>GameObjects</Filter>
    </ClInclude>
    <ClInclude Include="yaHPUIManagerScript.h">
      <Filter>Scripts</Filter>
    </ClInclude>
    <ClInclude Include="yaHPBar.h">
      <Filter>GameObjects</Filter>
    </ClInclude>
    <ClInclude Include="yaShotgunBullet.h">
      <Filter>GameObjects</Filter>
    </ClInclude>
    <ClInclude Include="yaShield.h" />
    <ClInclude Include="yaShieldScript.h" />
    <ClInclude Include="yaWaveButtonScript.h" />
    <ClInclude Include="yaZombie.h" />
    <ClInclude Include="yaZombieScript.h" />
    <ClInclude Include="yaBomber.h" />
    <ClInclude Include="yaBomberScript.h" />
  </ItemGroup>
  <ItemGroup>
    <ClCompile Include="yaPlayScene.cpp">
      <Filter>Scens</Filter>
    </ClCompile>
    <ClCompile Include="yaplayer.cpp">
      <Filter>GameObjects</Filter>
    </ClCompile>
    <ClCompile Include="yaControllerScript.cpp">
      <Filter>Scripts</Filter>
    </ClCompile>
    <ClCompile Include="yaBullet.cpp">
      <Filter>GameObjects</Filter>
    </ClCompile>
    <ClCompile Include="yaPlayerScript.cpp">
      <Filter>Scripts</Filter>
    </ClCompile>
    <ClCompile Include="yaWall.cpp">
      <Filter>GameObjects</Filter>
    </ClCompile>
    <ClCompile Include="yaMonsterBullet.cpp" />
    <ClCompile Include="yaPlayerColorChangeScript.cpp" />
    <ClCompile Include="yaTurret.cpp" />
    <ClCompile Include="yaTurretScript.cpp" />
    <ClCompile Include="yaHPUI.cpp">
      <Filter>GameObjects</Filter>
    </ClCompile>
    <ClCompile Include="yaHPUIManagerScript.cpp">
      <Filter>Scripts</Filter>
    </ClCompile>
    <ClCompile Include="yaHPBar.cpp">
      <Filter>GameObjects</Filter>
    </ClCompile>
    <ClCompile Include="yaMonsterBullet.cpp" />
    <ClCompile Include="yaPlayerColorChangeScript.cpp" />
    <ClCompile Include="yaTurret.cpp" />
    <ClCompile Include="yaTurretScript.cpp" />
    <ClCompile Include="yaShotgunBullet.cpp">
      <Filter>GameObjects</Filter>
    </ClCompile>
    <ClCompile Include="yaShield.cpp" />
    <ClCompile Include="yaShieldScript.cpp" />
    <ClCompile Include="yaWaveButtonScript.cpp" />
    <ClCompile Include="yaZombie.cpp" />
    <ClCompile Include="yaZombieScript.cpp" />
    <ClCompile Include="yaBomber.cpp" />
    <ClCompile Include="yaBomberScript.cpp" />
  </ItemGroup>
</Project>